Microsoft Visual Studio Solution File, Format Version 12.00
# Visual Studio Version 17
VisualStudioVersion = 17.5.2.0
MinimumVisualStudioVersion = 10.0.40219.1
Project("{FAE04EC0-301F-11D3-BF4B-00C04F79EFBC}") = "staffmanagementbackend", "staffmanagementbackend.csproj", "{F13F27BF-B6CC-CEEA-0D79-0CA57BD3C503}"
EndProject
Global
	GlobalSection(SolutionConfigurationPlatforms) = preSolution
		Debug|Any CPU = Debug|Any CPU
		Release|Any CPU = Release|Any CPU
	EndGlobalSection
	GlobalSection(ProjectConfigurationPlatforms) = postSolution
		{F13F27BF-B6CC-CEEA-0D79-0CA57BD3C503}.Debug|Any CPU.ActiveCfg = Debug|Any CPU
		{F13F27BF-B6CC-CEEA-0D79-0CA57BD3C503}.Debug|Any CPU.Build.0 = Debug|Any CPU
		{F13F27BF-B6CC-CEEA-0D79-0CA57BD3C503}.Release|Any CPU.ActiveCfg = Release|Any CPU
		{F13F27BF-B6CC-CEEA-0D79-0CA57BD3C503}.Release|Any CPU.Build.0 = Release|Any CPU
	EndGlobalSection
	GlobalSection(SolutionProperties) = preSolution
		HideSolutionNode = FALSE
	EndGlobalSection
	GlobalSection(ExtensibilityGlobals) = postSolution
		SolutionGuid = {E8064C4C-9334-4482-BCD5-72B8BD687E2A}
	EndGlobalSection
EndGlobal
